{
  "name": "Water",
  "version": "1.0.0",
  "lockfileVersion": 1,
  "requires": true,
  "dependencies": {
    "@amap/amap-jsapi-loader": {
      "version": "0.0.4",
      "resolved": "https://registry.npmjs.org/@amap/amap-jsapi-loader/-/amap-jsapi-loader-0.0.4.tgz",
      "integrity": "sha512-XgmQBSvZiAM+mh7sfogo0Ww61o4/mDNfq4Dc75xroM2RS9YtTh2w7kBhuX09BONQ6eZDFzNuw43eadNjDtrmmQ=="
    }
  }
}
