{
  "name": "Water",
  "version": "1.0.0",
  "lockfileVersion": 1,
  "requires": true,
  "dependencies": {
    "@amap/amap-jsapi-loader": {
      "version": "0.0.4",
      "resolved": "https://registry.npm.taobao.org/@amap/amap-jsapi-loader/download/@amap/amap-jsapi-loader-0.0.4.tgz?cache=0&sync_timestamp=1603939019383&other_urls=https%3A%2F%2Fregistry.npm.taobao.org%2F%40amap%2Famap-jsapi-loader%2Fdownload%2F%40amap%2Famap-jsapi-loader-0.0.4.tgz",
      "integrity": "sha1-d0rPEgWHFbzh0CGosIYGhqXusDw="
    }
  }
}
